
Microsoft Visual Studio Solution File, Format Version 12.00
# Visual Studio Version 17
VisualStudioVersion = 17.6.33829.357
MinimumVisualStudioVersion = 10.0.40219.1
Project("{FAE04EC0-301F-11D3-BF4B-00C04F79EFBC}") = "CalculatorBasicAssembly", "TP\CalculatorBasicAssembly.csproj", "{02A3F8BC-737B-4188-8BCD-194E4C2FC3EE}"
EndProject
Project("{FAE04EC0-301F-11D3-BF4B-00C04F79EFBC}") = "CalculatorPrivateAssembly", "CalculatorPrivateAssembly\CalculatorPrivateAssembly.csproj", "{DD6FF1FE-F456-42DD-BBE1-C2F89A1B7F37}"
EndProject
Global
	GlobalSection(SolutionConfigurationPlatforms) = preSolution
		Debug|Any CPU = Debug|Any CPU
		Release|Any CPU = Release|Any CPU
	EndGlobalSection
	GlobalSection(ProjectConfigurationPlatforms) = postSolution
		{02A3F8BC-737B-4188-8BCD-194E4C2FC3EE}.Debug|Any CPU.ActiveCfg = Debug|Any CPU
		{02A3F8BC-737B-4188-8BCD-194E4C2FC3EE}.Debug|Any CPU.Build.0 = Debug|Any CPU
		{02A3F8BC-737B-4188-8BCD-194E4C2FC3EE}.Release|Any CPU.ActiveCfg = Release|Any CPU
		{02A3F8BC-737B-4188-8BCD-194E4C2FC3EE}.Release|Any CPU.Build.0 = Release|Any CPU
		{DD6FF1FE-F456-42DD-BBE1-C2F89A1B7F37}.Debug|Any CPU.ActiveCfg = Debug|Any CPU
		{DD6FF1FE-F456-42DD-BBE1-C2F89A1B7F37}.Debug|Any CPU.Build.0 = Debug|Any CPU
		{DD6FF1FE-F456-42DD-BBE1-C2F89A1B7F37}.Release|Any CPU.ActiveCfg = Release|Any CPU
		{DD6FF1FE-F456-42DD-BBE1-C2F89A1B7F37}.Release|Any CPU.Build.0 = Release|Any CPU
	EndGlobalSection
	GlobalSection(SolutionProperties) = preSolution
		HideSolutionNode = FALSE
	EndGlobalSection
	GlobalSection(ExtensibilityGlobals) = postSolution
		SolutionGuid = {264A216D-33F3-45D1-93FF-6399CEF767EF}
	EndGlobalSection
EndGlobal
